
Microsoft Visual Studio Solution File, Format Version 12.00
# Visual Studio Version 17
VisualStudioVersion = 17.7.34031.279
MinimumVisualStudioVersion = 10.0.40219.1
Project("{FAE04EC0-301F-11D3-BF4B-00C04F79EFBC}") = "ConsoleApp9", "ConsoleApp9\ConsoleApp9.csproj", "{C0F4B9E5-1857-4EC0-8FBB-960D3034FEF3}"
EndProject
Global
	GlobalSection(SolutionConfigurationPlatforms) = preSolution
		Debug|Any CPU = Debug|Any CPU
		Release|Any CPU = Release|Any CPU
	EndGlobalSection
	GlobalSection(ProjectConfigurationPlatforms) = postSolution
		{C0F4B9E5-1857-4EC0-8FBB-960D3034FEF3}.Debug|Any CPU.ActiveCfg = Debug|Any CPU
		{C0F4B9E5-1857-4EC0-8FBB-960D3034FEF3}.Debug|Any CPU.Build.0 = Debug|Any CPU
		{C0F4B9E5-1857-4EC0-8FBB-960D3034FEF3}.Release|Any CPU.ActiveCfg = Release|Any CPU
		{C0F4B9E5-1857-4EC0-8FBB-960D3034FEF3}.Release|Any CPU.Build.0 = Release|Any CPU
	EndGlobalSection
	GlobalSection(SolutionProperties) = preSolution
		HideSolutionNode = FALSE
	EndGlobalSection
	GlobalSection(ExtensibilityGlobals) = postSolution
		SolutionGuid = {3C599840-D8D3-4EF6-AC0B-B2C866F174F9}
	EndGlobalSection
EndGlobal
